PODS:
  - Fakery (4.0.0)
  - MultiSelector/Core (0.2.1)
  - MultiSelector/Rx (0.2.1):
    - MultiSelector/Core
    - RxCocoa (~> 5)
    - RxSwift (~> 5)
  - RxCocoa (5.0.0):
    - RxRelay (~> 5)
    - RxSwift (~> 5)
  - RxRelay (5.0.0):
    - RxSwift (~> 5)
  - RxSwift (5.0.0)
  - SnapKit (5.0.0)

DEPENDENCIES:
  - Fakery
  - MultiSelector/Rx (from `../`)
  - SnapKit

SPEC REPOS:
  https://github.com/cocoapods/specs.git:
    - Fakery
    - RxCocoa
    - RxRelay
    - RxSwift
    - SnapKit

EXTERNAL SOURCES:
  MultiSelector:
    :path: "../"

SPEC CHECKSUMS:
  Fakery: 476f6d947de432f84703acc830a1e7166330299b
  MultiSelector: a671c94a0f2d489fc26b944dfb56a49b730c8eb5
  RxCocoa: fcf32050ac00d801f34a7f71d5e8e7f23026dcd8
  RxRelay: 4f7409406a51a55cd88483f21ed898c234d60f18
  RxSwift: 8b0671caa829a763bbce7271095859121cbd895f
  SnapKit: fd22d10eb9aff484d79a8724eab922c1ddf89bcf

PODFILE CHECKSUM: 62a2e03b443a735b4a2c0675eb5c88b4e2222b2e

COCOAPODS: 1.7.5
